
Microsoft Visual Studio Solution File, Format Version 12.00
# Visual Studio Version 16
VisualStudioVersion = 16.0.29911.84
MinimumVisualStudioVersion = 10.0.40219.1
Project("{FAE04EC0-301F-11D3-BF4B-00C04F79EFBC}") = "Functions", "Functions\Functions.csproj", "{12E557BA-07D6-41A5-8213-6BF6334AF883}"
EndProject
Global
	GlobalSection(SolutionConfigurationPlatforms) = preSolution
		Debug|Any CPU = Debug|Any CPU
		Release|Any CPU = Release|Any CPU
	EndGlobalSection
	GlobalSection(ProjectConfigurationPlatforms) = postSolution
		{12E557BA-07D6-41A5-8213-6BF6334AF883}.Debug|Any CPU.ActiveCfg = Debug|Any CPU
		{12E557BA-07D6-41A5-8213-6BF6334AF883}.Debug|Any CPU.Build.0 = Debug|Any CPU
		{12E557BA-07D6-41A5-8213-6BF6334AF883}.Release|Any CPU.ActiveCfg = Release|Any CPU
		{12E557BA-07D6-41A5-8213-6BF6334AF883}.Release|Any CPU.Build.0 = Release|Any CPU
	EndGlobalSection
	GlobalSection(SolutionProperties) = preSolution
		HideSolutionNode = FALSE
	EndGlobalSection
	GlobalSection(ExtensibilityGlobals) = postSolution
		SolutionGuid = {270E8843-A407-4CB2-A383-CAA0F1ACE580}
	EndGlobalSection
EndGlobal
