
Microsoft Visual Studio Solution File, Format Version 12.00
# Visual Studio Version 16
VisualStudioVersion = 16.0.29911.84
MinimumVisualStudioVersion = 10.0.40219.1
Project("{FAE04EC0-301F-11D3-BF4B-00C04F79EFBC}") = "Serialization", "Lab\Serialization.csproj", "{AA3B0690-DD10-43F5-8353-36E02933410B}"
EndProject
Global
	GlobalSection(SolutionConfigurationPlatforms) = preSolution
		Debug|Any CPU = Debug|Any CPU
		Release|Any CPU = Release|Any CPU
	EndGlobalSection
	GlobalSection(ProjectConfigurationPlatforms) = postSolution
		{AA3B0690-DD10-43F5-8353-36E02933410B}.Debug|Any CPU.ActiveCfg = Debug|Any CPU
		{AA3B0690-DD10-43F5-8353-36E02933410B}.Debug|Any CPU.Build.0 = Debug|Any CPU
		{AA3B0690-DD10-43F5-8353-36E02933410B}.Release|Any CPU.ActiveCfg = Release|Any CPU
		{AA3B0690-DD10-43F5-8353-36E02933410B}.Release|Any CPU.Build.0 = Release|Any CPU
	EndGlobalSection
	GlobalSection(SolutionProperties) = preSolution
		HideSolutionNode = FALSE
	EndGlobalSection
	GlobalSection(ExtensibilityGlobals) = postSolution
		SolutionGuid = {7E2B5606-224E-4185-BEDA-890D172811C3}
	EndGlobalSection
EndGlobal
